
Microsoft Visual Studio Solution File, Format Version 12.00
# Visual Studio Version 17
VisualStudioVersion = 17.0.31919.166
MinimumVisualStudioVersion = 10.0.40219.1
Project("{FAE04EC0-301F-11D3-BF4B-00C04F79EFBC}") = "Deep Face", "Deep Face\Deep Face.csproj", "{90F68B05-2ED6-4B9E-B3F0-5D5FC5B6F682}"
EndProject
Global
	GlobalSection(SolutionConfigurationPlatforms) = preSolution
		Debug|Any CPU = Debug|Any CPU
		Release|Any CPU = Release|Any CPU
	EndGlobalSection
	GlobalSection(ProjectConfigurationPlatforms) = postSolution
		{90F68B05-2ED6-4B9E-B3F0-5D5FC5B6F682}.Debug|Any CPU.ActiveCfg = Debug|Any CPU
		{90F68B05-2ED6-4B9E-B3F0-5D5FC5B6F682}.Debug|Any CPU.Build.0 = Debug|Any CPU
		{90F68B05-2ED6-4B9E-B3F0-5D5FC5B6F682}.Release|Any CPU.ActiveCfg = Release|Any CPU
		{90F68B05-2ED6-4B9E-B3F0-5D5FC5B6F682}.Release|Any CPU.Build.0 = Release|Any CPU
	EndGlobalSection
	GlobalSection(SolutionProperties) = preSolution
		HideSolutionNode = FALSE
	EndGlobalSection
	GlobalSection(ExtensibilityGlobals) = postSolution
		SolutionGuid = {7F63D982-EF98-41F3-BFF4-F02433E7AC3D}
	EndGlobalSection
EndGlobal
